
Microsoft Visual Studio Solution File, Format Version 12.00
# Visual Studio Version 16
VisualStudioVersion = 16.0.29326.143
MinimumVisualStudioVersion = 10.0.40219.1
Project("{9A19103F-16F7-4668-BE54-9A1E7A4F7556}") = "BlackSP.Core", "BlackSP.Core\BlackSP.Core.csproj", "{5D21DD2F-CDB2-4AFD-A1AF-835790B5FD3C}"
EndProject
Project("{2150E333-8FDC-42A3-9474-1A3956D46DE8}") = "Tests", "Tests", "{C4FBAAC0-8EB7-4175-9F30-6A0B447A077D}"
EndProject
Project("{9A19103F-16F7-4668-BE54-9A1E7A4F7556}") = "BlackSP.Core.UnitTests", "BlackSP.Core.UnitTests\BlackSP.Core.UnitTests.csproj", "{5481E2F7-C445-46ED-AE00-A37B028AC467}"
EndProject
Project("{9A19103F-16F7-4668-BE54-9A1E7A4F7556}") = "BlackSP.CRA", "BlackSP.CRA\BlackSP.CRA.csproj", "{1858237B-4738-4197-A2FD-025DF26CB5CB}"
EndProject
Project("{9A19103F-16F7-4668-BE54-9A1E7A4F7556}") = "BlackSP.Serialization", "BlackSP.Serialization\BlackSP.Serialization.csproj", "{75160FB5-1468-428F-8DCE-D4DFC4FC0779}"
EndProject
Project("{9A19103F-16F7-4668-BE54-9A1E7A4F7556}") = "BlackSP.Kernel", "BlackSP.Kernel\BlackSP.Kernel.csproj", "{CF85803A-0D10-4EA0-9384-4B7E6B71A45C}"
EndProject
Project("{2150E333-8FDC-42A3-9474-1A3956D46DE8}") = "Infrastructure", "Infrastructure", "{D3425C26-5CD8-4C72-88A6-0DDDDC3048CB}"
EndProject
Project("{9A19103F-16F7-4668-BE54-9A1E7A4F7556}") = "BlackSP.Serialization.UnitTests", "BlackSP.Serialization.UnitTests\BlackSP.Serialization.UnitTests.csproj", "{351AA152-01C8-4E04-AD80-865046AC0BA9}"
EndProject
Project("{2150E333-8FDC-42A3-9474-1A3956D46DE8}") = "Samples", "Samples", "{1435AC8F-FC77-45B3-9C1B-ECA0F78FA2C0}"
EndProject
Project("{2150E333-8FDC-42A3-9474-1A3956D46DE8}") = "Solution Items", "Solution Items", "{1CE48D79-F123-45F6-9E65-C05ECA48FCC7}"
	ProjectSection(SolutionItems) = preProject
		.editorconfig = .editorconfig
	EndProjectSection
EndProject
Project("{9A19103F-16F7-4668-BE54-9A1E7A4F7556}") = "BlackSP.Infrastructure.UnitTests", "BlackSP.Infrastructure.UnitTests\BlackSP.Infrastructure.UnitTests.csproj", "{1F14749B-4D61-487E-A141-037CE8332797}"
EndProject
Project("{9A19103F-16F7-4668-BE54-9A1E7A4F7556}") = "BlackSP.Infrastructure", "BlackSP.Infrastructure\BlackSP.Infrastructure.csproj", "{FC485934-2DC4-4065-A6BA-B3666BDAB70B}"
EndProject
Project("{9A19103F-16F7-4668-BE54-9A1E7A4F7556}") = "BlackSP.Simulator", "BlackSP.Simulator\BlackSP.Simulator.csproj", "{F2EA9D36-28EF-4890-896D-1F76062B92E9}"
EndProject
Project("{9A19103F-16F7-4668-BE54-9A1E7A4F7556}") = "BlackSP.OperatorShells", "BlackSP.OperatorShells\BlackSP.OperatorShells.csproj", "{9A22E27F-59E1-4A99-B061-E0B0F4D079AB}"
EndProject
Project("{9A19103F-16F7-4668-BE54-9A1E7A4F7556}") = "BlackSP.OperatorShells.UnitTests", "BlackSP.OperatorShells.UnitTests\BlackSP.OperatorShells.UnitTests.csproj", "{750AA519-64FE-41FC-B034-E50D8AB269BA}"
EndProject
Project("{9A19103F-16F7-4668-BE54-9A1E7A4F7556}") = "BlackSP.Streams", "BlackSP.Streams\BlackSP.Streams.csproj", "{72F541F5-F76B-4679-8BDF-04278A2B587A}"
EndProject
Project("{9A19103F-16F7-4668-BE54-9A1E7A4F7556}") = "BlackSP.Checkpointing", "BlackSP.Checkpointing\BlackSP.Checkpointing.csproj", "{100F5FF8-0846-4205-8D86-99CA3EECD12F}"
EndProject
Project("{9A19103F-16F7-4668-BE54-9A1E7A4F7556}") = "BlackSP.Checkpointing.UnitTests", "BlackSP.Checkpointing.UnitTests\BlackSP.Checkpointing.UnitTests.csproj", "{C3B57ABC-C0CF-4480-9056-0032C07925B3}"
EndProject
Project("{9A19103F-16F7-4668-BE54-9A1E7A4F7556}") = "BlackSP.Sandbox", "BlackSP.Sandbox\BlackSP.Sandbox.csproj", "{60DF11D8-0A59-42D2-A208-304AD47A5347}"
EndProject
Project("{9A19103F-16F7-4668-BE54-9A1E7A4F7556}") = "BlackSP.Streams.UnitTests", "BlackSP.Streams.UnitTests\BlackSP.Streams.UnitTests.csproj", "{36856CBC-7C5B-4B34-A649-3E13B94C4D1E}"
EndProject
Project("{FAE04EC0-301F-11D3-BF4B-00C04F79EFBC}") = "BlackSP.StreamBench", "BlackSP.StreamBench\BlackSP.StreamBench.csproj", "{10EB35EE-EF82-4AC4-896F-7888A4A9C88F}"
EndProject
Global
	GlobalSection(SolutionConfigurationPlatforms) = preSolution
		Debug|Any CPU = Debug|Any CPU
		Release|Any CPU = Release|Any CPU
	EndGlobalSection
	GlobalSection(ProjectConfigurationPlatforms) = postSolution
		{5D21DD2F-CDB2-4AFD-A1AF-835790B5FD3C}.Debug|Any CPU.ActiveCfg = Debug|Any CPU
		{5D21DD2F-CDB2-4AFD-A1AF-835790B5FD3C}.Debug|Any CPU.Build.0 = Debug|Any CPU
		{5D21DD2F-CDB2-4AFD-A1AF-835790B5FD3C}.Release|Any CPU.ActiveCfg = Release|Any CPU
		{5D21DD2F-CDB2-4AFD-A1AF-835790B5FD3C}.Release|Any CPU.Build.0 = Release|Any CPU
		{5481E2F7-C445-46ED-AE00-A37B028AC467}.Debug|Any CPU.ActiveCfg = Debug|Any CPU
		{5481E2F7-C445-46ED-AE00-A37B028AC467}.Debug|Any CPU.Build.0 = Debug|Any CPU
		{5481E2F7-C445-46ED-AE00-A37B028AC467}.Release|Any CPU.ActiveCfg = Release|Any CPU
		{5481E2F7-C445-46ED-AE00-A37B028AC467}.Release|Any CPU.Build.0 = Release|Any CPU
		{1858237B-4738-4197-A2FD-025DF26CB5CB}.Debug|Any CPU.ActiveCfg = Debug|Any CPU
		{1858237B-4738-4197-A2FD-025DF26CB5CB}.Debug|Any CPU.Build.0 = Debug|Any CPU
		{1858237B-4738-4197-A2FD-025DF26CB5CB}.Release|Any CPU.ActiveCfg = Release|Any CPU
		{1858237B-4738-4197-A2FD-025DF26CB5CB}.Release|Any CPU.Build.0 = Release|Any CPU
		{75160FB5-1468-428F-8DCE-D4DFC4FC0779}.Debug|Any CPU.ActiveCfg = Debug|Any CPU
		{75160FB5-1468-428F-8DCE-D4DFC4FC0779}.Debug|Any CPU.Build.0 = Debug|Any CPU
		{75160FB5-1468-428F-8DCE-D4DFC4FC0779}.Release|Any CPU.ActiveCfg = Release|Any CPU
		{75160FB5-1468-428F-8DCE-D4DFC4FC0779}.Release|Any CPU.Build.0 = Release|Any CPU
		{CF85803A-0D10-4EA0-9384-4B7E6B71A45C}.Debug|Any CPU.ActiveCfg = Debug|Any CPU
		{CF85803A-0D10-4EA0-9384-4B7E6B71A45C}.Debug|Any CPU.Build.0 = Debug|Any CPU
		{CF85803A-0D10-4EA0-9384-4B7E6B71A45C}.Release|Any CPU.ActiveCfg = Release|Any CPU
		{CF85803A-0D10-4EA0-9384-4B7E6B71A45C}.Release|Any CPU.Build.0 = Release|Any CPU
		{351AA152-01C8-4E04-AD80-865046AC0BA9}.Debug|Any CPU.ActiveCfg = Debug|Any CPU
		{351AA152-01C8-4E04-AD80-865046AC0BA9}.Debug|Any CPU.Build.0 = Debug|Any CPU
		{351AA152-01C8-4E04-AD80-865046AC0BA9}.Release|Any CPU.ActiveCfg = Release|Any CPU
		{351AA152-01C8-4E04-AD80-865046AC0BA9}.Release|Any CPU.Build.0 = Release|Any CPU
		{1F14749B-4D61-487E-A141-037CE8332797}.Debug|Any CPU.ActiveCfg = Debug|Any CPU
		{1F14749B-4D61-487E-A141-037CE8332797}.Debug|Any CPU.Build.0 = Debug|Any CPU
		{1F14749B-4D61-487E-A141-037CE8332797}.Release|Any CPU.ActiveCfg = Release|Any CPU
		{1F14749B-4D61-487E-A141-037CE8332797}.Release|Any CPU.Build.0 = Release|Any CPU
		{FC485934-2DC4-4065-A6BA-B3666BDAB70B}.Debug|Any CPU.ActiveCfg = Debug|Any CPU
		{FC485934-2DC4-4065-A6BA-B3666BDAB70B}.Debug|Any CPU.Build.0 = Debug|Any CPU
		{FC485934-2DC4-4065-A6BA-B3666BDAB70B}.Release|Any CPU.ActiveCfg = Release|Any CPU
		{FC485934-2DC4-4065-A6BA-B3666BDAB70B}.Release|Any CPU.Build.0 = Release|Any CPU
		{F2EA9D36-28EF-4890-896D-1F76062B92E9}.Debug|Any CPU.ActiveCfg = Debug|Any CPU
		{F2EA9D36-28EF-4890-896D-1F76062B92E9}.Debug|Any CPU.Build.0 = Debug|Any CPU
		{F2EA9D36-28EF-4890-896D-1F76062B92E9}.Release|Any CPU.ActiveCfg = Release|Any CPU
		{F2EA9D36-28EF-4890-896D-1F76062B92E9}.Release|Any CPU.Build.0 = Release|Any CPU
		{9A22E27F-59E1-4A99-B061-E0B0F4D079AB}.Debug|Any CPU.ActiveCfg = Debug|Any CPU
		{9A22E27F-59E1-4A99-B061-E0B0F4D079AB}.Debug|Any CPU.Build.0 = Debug|Any CPU
		{9A22E27F-59E1-4A99-B061-E0B0F4D079AB}.Release|Any CPU.ActiveCfg = Release|Any CPU
		{9A22E27F-59E1-4A99-B061-E0B0F4D079AB}.Release|Any CPU.Build.0 = Release|Any CPU
		{750AA519-64FE-41FC-B034-E50D8AB269BA}.Debug|Any CPU.ActiveCfg = Debug|Any CPU
		{750AA519-64FE-41FC-B034-E50D8AB269BA}.Debug|Any CPU.Build.0 = Debug|Any CPU
		{750AA519-64FE-41FC-B034-E50D8AB269BA}.Release|Any CPU.ActiveCfg = Release|Any CPU
		{750AA519-64FE-41FC-B034-E50D8AB269BA}.Release|Any CPU.Build.0 = Release|Any CPU
		{72F541F5-F76B-4679-8BDF-04278A2B587A}.Debug|Any CPU.ActiveCfg = Debug|Any CPU
		{72F541F5-F76B-4679-8BDF-04278A2B587A}.Debug|Any CPU.Build.0 = Debug|Any CPU
		{72F541F5-F76B-4679-8BDF-04278A2B587A}.Release|Any CPU.ActiveCfg = Release|Any CPU
		{72F541F5-F76B-4679-8BDF-04278A2B587A}.Release|Any CPU.Build.0 = Release|Any CPU
		{100F5FF8-0846-4205-8D86-99CA3EECD12F}.Debug|Any CPU.ActiveCfg = Debug|Any CPU
		{100F5FF8-0846-4205-8D86-99CA3EECD12F}.Debug|Any CPU.Build.0 = Debug|Any CPU
		{100F5FF8-0846-4205-8D86-99CA3EECD12F}.Release|Any CPU.ActiveCfg = Release|Any CPU
		{100F5FF8-0846-4205-8D86-99CA3EECD12F}.Release|Any CPU.Build.0 = Release|Any CPU
		{C3B57ABC-C0CF-4480-9056-0032C07925B3}.Debug|Any CPU.ActiveCfg = Debug|Any CPU
		{C3B57ABC-C0CF-4480-9056-0032C07925B3}.Debug|Any CPU.Build.0 = Debug|Any CPU
		{C3B57ABC-C0CF-4480-9056-0032C07925B3}.Release|Any CPU.ActiveCfg = Release|Any CPU
		{C3B57ABC-C0CF-4480-9056-0032C07925B3}.Release|Any CPU.Build.0 = Release|Any CPU
		{60DF11D8-0A59-42D2-A208-304AD47A5347}.Debug|Any CPU.ActiveCfg = Debug|Any CPU
		{60DF11D8-0A59-42D2-A208-304AD47A5347}.Debug|Any CPU.Build.0 = Debug|Any CPU
		{60DF11D8-0A59-42D2-A208-304AD47A5347}.Release|Any CPU.ActiveCfg = Release|Any CPU
		{60DF11D8-0A59-42D2-A208-304AD47A5347}.Release|Any CPU.Build.0 = Release|Any CPU
		{36856CBC-7C5B-4B34-A649-3E13B94C4D1E}.Debug|Any CPU.ActiveCfg = Debug|Any CPU
		{36856CBC-7C5B-4B34-A649-3E13B94C4D1E}.Debug|Any CPU.Build.0 = Debug|Any CPU
		{36856CBC-7C5B-4B34-A649-3E13B94C4D1E}.Release|Any CPU.ActiveCfg = Release|Any CPU
		{36856CBC-7C5B-4B34-A649-3E13B94C4D1E}.Release|Any CPU.Build.0 = Release|Any CPU
		{10EB35EE-EF82-4AC4-896F-7888A4A9C88F}.Debug|Any CPU.ActiveCfg = Debug|Any CPU
		{10EB35EE-EF82-4AC4-896F-7888A4A9C88F}.Debug|Any CPU.Build.0 = Debug|Any CPU
		{10EB35EE-EF82-4AC4-896F-7888A4A9C88F}.Release|Any CPU.ActiveCfg = Release|Any CPU
		{10EB35EE-EF82-4AC4-896F-7888A4A9C88F}.Release|Any CPU.Build.0 = Release|Any CPU
	EndGlobalSection
	GlobalSection(SolutionProperties) = preSolution
		HideSolutionNode = FALSE
	EndGlobalSection
	GlobalSection(NestedProjects) = preSolution
		{5481E2F7-C445-46ED-AE00-A37B028AC467} = {C4FBAAC0-8EB7-4175-9F30-6A0B447A077D}
		{1858237B-4738-4197-A2FD-025DF26CB5CB} = {D3425C26-5CD8-4C72-88A6-0DDDDC3048CB}
		{351AA152-01C8-4E04-AD80-865046AC0BA9} = {C4FBAAC0-8EB7-4175-9F30-6A0B447A077D}
		{1F14749B-4D61-487E-A141-037CE8332797} = {C4FBAAC0-8EB7-4175-9F30-6A0B447A077D}
		{FC485934-2DC4-4065-A6BA-B3666BDAB70B} = {D3425C26-5CD8-4C72-88A6-0DDDDC3048CB}
		{F2EA9D36-28EF-4890-896D-1F76062B92E9} = {D3425C26-5CD8-4C72-88A6-0DDDDC3048CB}
		{750AA519-64FE-41FC-B034-E50D8AB269BA} = {C4FBAAC0-8EB7-4175-9F30-6A0B447A077D}
		{C3B57ABC-C0CF-4480-9056-0032C07925B3} = {C4FBAAC0-8EB7-4175-9F30-6A0B447A077D}
		{60DF11D8-0A59-42D2-A208-304AD47A5347} = {1435AC8F-FC77-45B3-9C1B-ECA0F78FA2C0}
		{36856CBC-7C5B-4B34-A649-3E13B94C4D1E} = {C4FBAAC0-8EB7-4175-9F30-6A0B447A077D}
		{10EB35EE-EF82-4AC4-896F-7888A4A9C88F} = {1435AC8F-FC77-45B3-9C1B-ECA0F78FA2C0}
	EndGlobalSection
	GlobalSection(ExtensibilityGlobals) = postSolution
		SolutionGuid = {CF9BB3F1-2386-4605-9B68-BA0DBAA1576B}
	EndGlobalSection
EndGlobal
